// !$*UTF8*$!
{
	archiveVersion = 1;
	classes = {
	};
	objectVersion = 55;
	objects = {

/* Begin PBXBuildFile section */
		1FA3B3EE2AEAB5A3006CB5BA /* AppDelegate.swift in Sources */ = {isa = PBXBuildFile; fileRef = 1FA3B3ED2AEAB5A3006CB5BA /* AppDelegate.swift */; };
		1FA3B3F02AEAB5A3006CB5BA /* SceneDelegate.swift in Sources */ = {isa = PBXBuildFile; fileRef = 1FA3B3EF2AEAB5A3006CB5BA /* SceneDelegate.swift */; };
		1FA3B3F22AEAB5A3006CB5BA /* ViewController.swift in Sources */ = {isa = PBXBuildFile; fileRef = 1FA3B3F12AEAB5A3006CB5BA /* ViewController.swift */; };
		1FA3B3F52AEAB5A3006CB5BA /* Main.storyboard in Resources */ = {isa = PBXBuildFile; fileRef = 1FA3B3F32AEAB5A3006CB5BA /* Main.storyboard */; };
		1FA3B3F72AEAB5A9006CB5BA /* Assets.xcassets in Resources */ = {isa = PBXBuildFile; fileRef = 1FA3B3F62AEAB5A9006CB5BA /* Assets.xcassets */; };
		1FA3B3FA2AEAB5A9006CB5BA /* LaunchScreen.storyboard in Resources */ = {isa = PBXBuildFile; fileRef = 1FA3B3F82AEAB5A9006CB5BA /* LaunchScreen.storyboard */; };
		1FA3B4032AEAB91A006CB5BA /* MainBackground.swift in Sources */ = {isa = PBXBuildFile; fileRef = 1FA3B4022AEAB919006CB5BA /* MainBackground.swift */; };
		1FA3B4082AEAC037006CB5BA /* UIViewController + Extensions.swift in Sources */ = {isa = PBXBuildFile; fileRef = 1FA3B4072AEAC037006CB5BA /* UIViewController + Extensions.swift */; };
		1FA3B40B2AEAC49E006CB5BA /* Logo.swift in Sources */ = {isa = PBXBuildFile; fileRef = 1FA3B40A2AEAC49E006CB5BA /* Logo.swift */; };
		1FA3B40E2AEAC7C3006CB5BA /* BaseViewController.swift in Sources */ = {isa = PBXBuildFile; fileRef = 1FA3B40D2AEAC7C3006CB5BA /* BaseViewController.swift */; };
		1FA3B4112AEAC8E6006CB5BA /* SnapKit in Frameworks */ = {isa = PBXBuildFile; productRef = 1FA3B4102AEAC8E6006CB5BA /* SnapKit */; };
		1FA3B4172AEAF217006CB5BA /* MainTiger.swift in Sources */ = {isa = PBXBuildFile; fileRef = 1FA3B4162AEAF217006CB5BA /* MainTiger.swift */; };
		1FB89A392AEBD6E000204E3E /* CustomActivityIndicatorView.swift in Sources */ = {isa = PBXBuildFile; fileRef = 1FB89A382AEBD6E000204E3E /* CustomActivityIndicatorView.swift */; };
		1FB89A3C2AEBE23F00204E3E /* MenuViewController.swift in Sources */ = {isa = PBXBuildFile; fileRef = 1FB89A3B2AEBE23E00204E3E /* MenuViewController.swift */; };
/* End PBXBuildFile section */

/* Begin PBXFileReference section */
		1FA3B3EA2AEAB5A3006CB5BA /* TigersMemory.app */ = {isa = PBXFileReference; explicitFileType = wrapper.application; includeInIndex = 0; path = TigersMemory.app; sourceTree = BUILT_PRODUCTS_DIR; };
		1FA3B3ED2AEAB5A3006CB5BA /* AppDelegate.swift */ = {isa = PBXFileReference; lastKnownFileType = sourcecode.swift; path = AppDelegate.swift; sourceTree = "<group>"; };
		1FA3B3EF2AEAB5A3006CB5BA /* SceneDelegate.swift */ = {isa = PBXFileReference; lastKnownFileType = sourcecode.swift; path = SceneDelegate.swift; sourceTree = "<group>"; };
		1FA3B3F12AEAB5A3006CB5BA /* ViewController.swift */ = {isa = PBXFileReference; lastKnownFileType = sourcecode.swift; path = ViewController.swift; sourceTree = "<group>"; };
		1FA3B3F42AEAB5A3006CB5BA /* Base */ = {isa = PBXFileReference; lastKnownFileType = file.storyboard; name = Base; path = Base.lproj/Main.storyboard; sourceTree = "<group>"; };
		1FA3B3F62AEAB5A9006CB5BA /* Assets.xcassets */ = {isa = PBXFileReference; lastKnownFileType = folder.assetcatalog; path = Assets.xcassets; sourceTree = "<group>"; };
		1FA3B3F92AEAB5A9006CB5BA /* Base */ = {isa = PBXFileReference; lastKnownFileType = file.storyboard; name = Base; path = Base.lproj/LaunchScreen.storyboard; sourceTree = "<group>"; };
		1FA3B3FB2AEAB5A9006CB5BA /* Info.plist */ = {isa = PBXFileReference; lastKnownFileType = text.plist.xml; path = Info.plist; sourceTree = "<group>"; };
		1FA3B4022AEAB919006CB5BA /* MainBackground.swift */ = {isa = PBXFileReference; lastKnownFileType = sourcecode.swift; path = MainBackground.swift; sourceTree = "<group>"; };
		1FA3B4072AEAC037006CB5BA /* UIViewController + Extensions.swift */ = {isa = PBXFileReference; lastKnownFileType = sourcecode.swift; path = "UIViewController + Extensions.swift"; sourceTree = "<group>"; };
		1FA3B40A2AEAC49E006CB5BA /* Logo.swift */ = {isa = PBXFileReference; lastKnownFileType = sourcecode.swift; path = Logo.swift; sourceTree = "<group>"; };
		1FA3B40D2AEAC7C3006CB5BA /* BaseViewController.swift */ = {isa = PBXFileReference; lastKnownFileType = sourcecode.swift; path = BaseViewController.swift; sourceTree = "<group>"; };
		1FA3B4162AEAF217006CB5BA /* MainTiger.swift */ = {isa = PBXFileReference; lastKnownFileType = sourcecode.swift; path = MainTiger.swift; sourceTree = "<group>"; };
		1FB89A382AEBD6E000204E3E /* CustomActivityIndicatorView.swift */ = {isa = PBXFileReference; lastKnownFileType = sourcecode.swift; path = CustomActivityIndicatorView.swift; sourceTree = "<group>"; };
		1FB89A3B2AEBE23E00204E3E /* MenuViewController.swift */ = {isa = PBXFileReference; lastKnownFileType = sourcecode.swift; path = MenuViewController.swift; sourceTree = "<group>"; };
/* End PBXFileReference section */

/* Begin PBXFrameworksBuildPhase section */
		1FA3B3E72AEAB5A3006CB5BA /* Frameworks */ = {
			isa = PBXFrameworksBuildPhase;
			buildActionMask = 2147483647;
			files = (
				1FA3B4112AEAC8E6006CB5BA /* SnapKit in Frameworks */,
			);
			runOnlyForDeploymentPostprocessing = 0;
		};
/* End PBXFrameworksBuildPhase section */

/* Begin PBXGroup section */
		1FA3B3E12AEAB5A3006CB5BA = {
			isa = PBXGroup;
			children = (
				1FA3B3EC2AEAB5A3006CB5BA /* TigersMemory */,
				1FA3B3EB2AEAB5A3006CB5BA /* Products */,
			);
			sourceTree = "<group>";
		};
		1FA3B3EB2AEAB5A3006CB5BA /* Products */ = {
			isa = PBXGroup;
			children = (
				1FA3B3EA2AEAB5A3006CB5BA /* TigersMemory.app */,
			);
			name = Products;
			sourceTree = "<group>";
		};
		1FA3B3EC2AEAB5A3006CB5BA /* TigersMemory */ = {
			isa = PBXGroup;
			children = (
				1FB89A3A2AEBE22700204E3E /* MenuViewController */,
				1FA3B40C2AEAC7A8006CB5BA /* BaseViewController */,
				1FA3B4092AEAC476006CB5BA /* Views */,
				1FA3B4062AEABFB4006CB5BA /* MainViewController */,
				1FA3B4052AEABF50006CB5BA /* Application */,
				1FA3B4012AEAB699006CB5BA /* Resources */,
				1FA3B4042AEABED8006CB5BA /* Extensions */,
			);
			path = TigersMemory;
			sourceTree = "<group>";
		};
		1FA3B4012AEAB699006CB5BA /* Resources */ = {
			isa = PBXGroup;
			children = (
				1FA3B3F62AEAB5A9006CB5BA /* Assets.xcassets */,
				1FA3B3F82AEAB5A9006CB5BA /* LaunchScreen.storyboard */,
				1FA3B3FB2AEAB5A9006CB5BA /* Info.plist */,
			);
			path = Resources;
			sourceTree = "<group>";
		};
		1FA3B4042AEABED8006CB5BA /* Extensions */ = {
			isa = PBXGroup;
			children = (
				1FA3B4072AEAC037006CB5BA /* UIViewController + Extensions.swift */,
			);
			path = Extensions;
			sourceTree = "<group>";
		};
		1FA3B4052AEABF50006CB5BA /* Application */ = {
			isa = PBXGroup;
			children = (
				1FA3B3ED2AEAB5A3006CB5BA /* AppDelegate.swift */,
				1FA3B3EF2AEAB5A3006CB5BA /* SceneDelegate.swift */,
			);
			path = Application;
			sourceTree = "<group>";
		};
		1FA3B4062AEABFB4006CB5BA /* MainViewController */ = {
			isa = PBXGroup;
			children = (
				1FA3B3F32AEAB5A3006CB5BA /* Main.storyboard */,
				1FA3B3F12AEAB5A3006CB5BA /* ViewController.swift */,
			);
			path = MainViewController;
			sourceTree = "<group>";
		};
		1FA3B4092AEAC476006CB5BA /* Views */ = {
			isa = PBXGroup;
			children = (
				1FA3B4022AEAB919006CB5BA /* MainBackground.swift */,
				1FA3B40A2AEAC49E006CB5BA /* Logo.swift */,
				1FA3B4162AEAF217006CB5BA /* MainTiger.swift */,
				1FB89A382AEBD6E000204E3E /* CustomActivityIndicatorView.swift */,
			);
			path = Views;
			sourceTree = "<group>";
		};
		1FA3B40C2AEAC7A8006CB5BA /* BaseViewController */ = {
			isa = PBXGroup;
			children = (
				1FA3B40D2AEAC7C3006CB5BA /* BaseViewController.swift */,
			);
			path = BaseViewController;
			sourceTree = "<group>";
		};
		1FB89A3A2AEBE22700204E3E /* MenuViewController */ = {
			isa = PBXGroup;
			children = (
				1FB89A3B2AEBE23E00204E3E /* MenuViewController.swift */,
			);
			path = MenuViewController;
			sourceTree = "<group>";
		};
/* End PBXGroup section */

/* Begin PBXNativeTarget section */
		1FA3B3E92AEAB5A3006CB5BA /* TigersMemory */ = {
			isa = PBXNativeTarget;
			buildConfigurationList = 1FA3B3FE2AEAB5A9006CB5BA /* Build configuration list for PBXNativeTarget "TigersMemory" */;
			buildPhases = (
				1FA3B3E62AEAB5A3006CB5BA /* Sources */,
				1FA3B3E72AEAB5A3006CB5BA /* Frameworks */,
				1FA3B3E82AEAB5A3006CB5BA /* Resources */,
			);
			buildRules = (
			);
			dependencies = (
			);
			name = TigersMemory;
			packageProductDependencies = (
				1FA3B4102AEAC8E6006CB5BA /* SnapKit */,
			);
			productName = TigersMemory;
			productReference = 1FA3B3EA2AEAB5A3006CB5BA /* TigersMemory.app */;
			productType = "com.apple.product-type.application";
		};
/* End PBXNativeTarget section */

/* Begin PBXProject section */
		1FA3B3E22AEAB5A3006CB5BA /* Project object */ = {
			isa = PBXProject;
			attributes = {
				BuildIndependentTargetsInParallel = 1;
				LastSwiftUpdateCheck = 1320;
				LastUpgradeCheck = 1320;
				TargetAttributes = {
					1FA3B3E92AEAB5A3006CB5BA = {
						CreatedOnToolsVersion = 13.2.1;
					};
				};
			};
			buildConfigurationList = 1FA3B3E52AEAB5A3006CB5BA /* Build configuration list for PBXProject "TigersMemory" */;
			compatibilityVersion = "Xcode 13.0";
			developmentRegion = en;
			hasScannedForEncodings = 0;
			knownRegions = (
				en,
				Base,
			);
			mainGroup = 1FA3B3E12AEAB5A3006CB5BA;
			packageReferences = (
				1FA3B40F2AEAC8E6006CB5BA /* XCRemoteSwiftPackageReference "SnapKit" */,
			);
			productRefGroup = 1FA3B3EB2AEAB5A3006CB5BA /* Products */;
			projectDirPath = "";
			projectRoot = "";
			targets = (
				1FA3B3E92AEAB5A3006CB5BA /* TigersMemory */,
			);
		};
/* End PBXProject section */

/* Begin PBXResourcesBuildPhase section */
		1FA3B3E82AEAB5A3006CB5BA /* Resources */ = {
			isa = PBXResourcesBuildPhase;
			buildActionMask = 2147483647;
			files = (
				1FA3B3FA2AEAB5A9006CB5BA /* LaunchScreen.storyboard in Resources */,
				1FA3B3F72AEAB5A9006CB5BA /* Assets.xcassets in Resources */,
				1FA3B3F52AEAB5A3006CB5BA /* Main.storyboard in Resources */,
			);
			runOnlyForDeploymentPostprocessing = 0;
		};
/* End PBXResourcesBuildPhase section */

/* Begin PBXSourcesBuildPhase section */
		1FA3B3E62AEAB5A3006CB5BA /* Sources */ = {
			isa = PBXSourcesBuildPhase;
			buildActionMask = 2147483647;
			files = (
				1FA3B4082AEAC037006CB5BA /* UIViewController + Extensions.swift in Sources */,
				1FB89A3C2AEBE23F00204E3E /* MenuViewController.swift in Sources */,
				1FA3B4032AEAB91A006CB5BA /* MainBackground.swift in Sources */,
				1FA3B4172AEAF217006CB5BA /* MainTiger.swift in Sources */,
				1FB89A392AEBD6E000204E3E /* CustomActivityIndicatorView.swift in Sources */,
				1FA3B3F22AEAB5A3006CB5BA /* ViewController.swift in Sources */,
				1FA3B3EE2AEAB5A3006CB5BA /* AppDelegate.swift in Sources */,
				1FA3B40B2AEAC49E006CB5BA /* Logo.swift in Sources */,
				1FA3B40E2AEAC7C3006CB5BA /* BaseViewController.swift in Sources */,
				1FA3B3F02AEAB5A3006CB5BA /* SceneDelegate.swift in Sources */,
			);
			runOnlyForDeploymentPostprocessing = 0;
		};
/* End PBXSourcesBuildPhase section */

/* Begin PBXVariantGroup section */
		1FA3B3F32AEAB5A3006CB5BA /* Main.storyboard */ = {
			isa = PBXVariantGroup;
			children = (
				1FA3B3F42AEAB5A3006CB5BA /* Base */,
			);
			name = Main.storyboard;
			sourceTree = "<group>";
		};
		1FA3B3F82AEAB5A9006CB5BA /* LaunchScreen.storyboard */ = {
			isa = PBXVariantGroup;
			children = (
				1FA3B3F92AEAB5A9006CB5BA /* Base */,
			);
			name = LaunchScreen.storyboard;
			sourceTree = "<group>";
		};
/* End PBXVariantGroup section */

/* Begin XCBuildConfiguration section */
		1FA3B3FC2AEAB5A9006CB5BA /* Debug */ = {
			isa = XCBuildConfiguration;
			buildSettings = {
				ALWAYS_SEARCH_USER_PATHS = NO;
				CLANG_ANALYZER_NONNULL = YES;
				CLANG_ANALYZER_NUMBER_OBJECT_CONVERSION = YES_AGGRESSIVE;
				CLANG_CXX_LANGUAGE_STANDARD = "gnu++17";
				CLANG_CXX_LIBRARY = "libc++";
				CLANG_ENABLE_MODULES = YES;
				CLANG_ENABLE_OBJC_ARC = YES;
				CLANG_ENABLE_OBJC_WEAK = YES;
				CLANG_WARN_BLOCK_CAPTURE_AUTORELEASING = YES;
				CLANG_WARN_BOOL_CONVERSION = YES;
				CLANG_WARN_COMMA = YES;
				CLANG_WARN_CONSTANT_CONVERSION = YES;
				CLANG_WARN_DEPRECATED_OBJC_IMPLEMENTATIONS = YES;
				CLANG_WARN_DIRECT_OBJC_ISA_USAGE = YES_ERROR;
				CLANG_WARN_DOCUMENTATION_COMMENTS = YES;
				CLANG_WARN_EMPTY_BODY = YES;
				CLANG_WARN_ENUM_CONVERSION = YES;
				CLANG_WARN_INFINITE_RECURSION = YES;
				CLANG_WARN_INT_CONVERSION = YES;
				CLANG_WARN_NON_LITERAL_NULL_CONVERSION = YES;
				CLANG_WARN_OBJC_IMPLICIT_RETAIN_SELF = YES;
				CLANG_WARN_OBJC_LITERAL_CONVERSION = YES;
				CLANG_WARN_OBJC_ROOT_CLASS = YES_ERROR;
				CLANG_WARN_QUOTED_INCLUDE_IN_FRAMEWORK_HEADER = YES;
				CLANG_WARN_RANGE_LOOP_ANALYSIS = YES;
				CLANG_WARN_STRICT_PROTOTYPES = YES;
				CLANG_WARN_SUSPICIOUS_MOVE = YES;
				CLANG_WARN_UNGUARDED_AVAILABILITY = YES_AGGRESSIVE;
				CLANG_WARN_UNREACHABLE_CODE = YES;
				CLANG_WARN__DUPLICATE_METHOD_MATCH = YES;
				COPY_PHASE_STRIP = NO;
				DEBUG_INFORMATION_FORMAT = dwarf;
				ENABLE_STRICT_OBJC_MSGSEND = YES;
				ENABLE_TESTABILITY = YES;
				GCC_C_LANGUAGE_STANDARD = gnu11;
				GCC_DYNAMIC_NO_PIC = NO;
				GCC_NO_COMMON_BLOCKS = YES;
				GCC_OPTIMIZATION_LEVEL = 0;
				GCC_PREPROCESSOR_DEFINITIONS = (
					"DEBUG=1",
					"$(inherited)",
				);
				GCC_WARN_64_TO_32_BIT_CONVERSION = YES;
				GCC_WARN_ABOUT_RETURN_TYPE = YES_ERROR;
				GCC_WARN_UNDECLARED_SELECTOR = YES;
				GCC_WARN_UNINITIALIZED_AUTOS = YES_AGGRESSIVE;
				GCC_WARN_UNUSED_FUNCTION = YES;
				GCC_WARN_UNUSED_VARIABLE = YES;
				IPHONEOS_DEPLOYMENT_TARGET = 15.2;
				MTL_ENABLE_DEBUG_INFO = INCLUDE_SOURCE;
				MTL_FAST_MATH = YES;
				ONLY_ACTIVE_ARCH = YES;
				SDKROOT = iphoneos;
				SWIFT_ACTIVE_COMPILATION_CONDITIONS = DEBUG;
				SWIFT_OPTIMIZATION_LEVEL = "-Onone";
			};
			name = Debug;
		};
		1FA3B3FD2AEAB5A9006CB5BA /* Release */ = {
			isa = XCBuildConfiguration;
			buildSettings = {
				ALWAYS_SEARCH_USER_PATHS = NO;
				CLANG_ANALYZER_NONNULL = YES;
				CLANG_ANALYZER_NUMBER_OBJECT_CONVERSION = YES_AGGRESSIVE;
				CLANG_CXX_LANGUAGE_STANDARD = "gnu++17";
				CLANG_CXX_LIBRARY = "libc++";
				CLANG_ENABLE_MODULES = YES;
				CLANG_ENABLE_OBJC_ARC = YES;
				CLANG_ENABLE_OBJC_WEAK = YES;
				CLANG_WARN_BLOCK_CAPTURE_AUTORELEASING = YES;
				CLANG_WARN_BOOL_CONVERSION = YES;
				CLANG_WARN_COMMA = YES;
				CLANG_WARN_CONSTANT_CONVERSION = YES;
				CLANG_WARN_DEPRECATED_OBJC_IMPLEMENTATIONS = YES;
				CLANG_WARN_DIRECT_OBJC_ISA_USAGE = YES_ERROR;
				CLANG_WARN_DOCUMENTATION_COMMENTS = YES;
				CLANG_WARN_EMPTY_BODY = YES;
				CLANG_WARN_ENUM_CONVERSION = YES;
				CLANG_WARN_INFINITE_RECURSION = YES;
				CLANG_WARN_INT_CONVERSION = YES;
				CLANG_WARN_NON_LITERAL_NULL_CONVERSION = YES;
				CLANG_WARN_OBJC_IMPLICIT_RETAIN_SELF = YES;
				CLANG_WARN_OBJC_LITERAL_CONVERSION = YES;
				CLANG_WARN_OBJC_ROOT_CLASS = YES_ERROR;
				CLANG_WARN_QUOTED_INCLUDE_IN_FRAMEWORK_HEADER = YES;
				CLANG_WARN_RANGE_LOOP_ANALYSIS = YES;
				CLANG_WARN_STRICT_PROTOTYPES = YES;
				CLANG_WARN_SUSPICIOUS_MOVE = YES;
				CLANG_WARN_UNGUARDED_AVAILABILITY = YES_AGGRESSIVE;
				CLANG_WARN_UNREACHABLE_CODE = YES;
				CLANG_WARN__DUPLICATE_METHOD_MATCH = YES;
				COPY_PHASE_STRIP = NO;
				DEBUG_INFORMATION_FORMAT = "dwarf-with-dsym";
				ENABLE_NS_ASSERTIONS = NO;
				ENABLE_STRICT_OBJC_MSGSEND = YES;
				GCC_C_LANGUAGE_STANDARD = gnu11;
				GCC_NO_COMMON_BLOCKS = YES;
				GCC_WARN_64_TO_32_BIT_CONVERSION = YES;
				GCC_WARN_ABOUT_RETURN_TYPE = YES_ERROR;
				GCC_WARN_UNDECLARED_SELECTOR = YES;
				GCC_WARN_UNINITIALIZED_AUTOS = YES_AGGRESSIVE;
				GCC_WARN_UNUSED_FUNCTION = YES;
				GCC_WARN_UNUSED_VARIABLE = YES;
				IPHONEOS_DEPLOYMENT_TARGET = 15.2;
				MTL_ENABLE_DEBUG_INFO = NO;
				MTL_FAST_MATH = YES;
				SDKROOT = iphoneos;
				SWIFT_COMPILATION_MODE = wholemodule;
				SWIFT_OPTIMIZATION_LEVEL = "-O";
				VALIDATE_PRODUCT = YES;
			};
			name = Release;
		};
		1FA3B3FF2AEAB5A9006CB5BA /* Debug */ = {
			isa = XCBuildConfiguration;
			buildSettings = {
				ASSETCATALOG_COMPILER_APPICON_NAME = AppIcon;
				ASSETCATALOG_COMPILER_GLOBAL_ACCENT_COLOR_NAME = AccentColor;
				CODE_SIGN_STYLE = Automatic;
				CURRENT_PROJECT_VERSION = 1;
				GENERATE_INFOPLIST_FILE = YES;
				INFOPLIST_FILE = TigersMemory/Resources/Info.plist;
				INFOPLIST_KEY_CFBundleDisplayName = "Tigers Memory";
				INFOPLIST_KEY_UIApplicationSupportsIndirectInputEvents = YES;
				INFOPLIST_KEY_UILaunchStoryboardName = LaunchScreen;
				INFOPLIST_KEY_UIMainStoryboardFile = Main;
				INFOPLIST_KEY_UISupportedInterfaceOrientations = UIInterfaceOrientationPortrait;
				INFOPLIST_KEY_UISupportedInterfaceOrientations_iPad = "UIInterfaceOrientationPortrait UIInterfaceOrientationPortraitUpsideDown UIInterfaceOrientationLandscapeLeft UIInterfaceOrientationLandscapeRight";
				INFOPLIST_KEY_UISupportedInterfaceOrientations_iPhone = "UIInterfaceOrientationPortrait UIInterfaceOrientationLandscapeLeft UIInterfaceOrientationLandscapeRight";
				LD_RUNPATH_SEARCH_PATHS = (
					"$(inherited)",
					"@executable_path/Frameworks",
				);
				MARKETING_VERSION = 1.0;
				PRODUCT_BUNDLE_IDENTIFIER = com.terra.TigersMemory;
				PRODUCT_NAME = "$(TARGET_NAME)";
				SWIFT_EMIT_LOC_STRINGS = YES;
				SWIFT_VERSION = 5.0;
				TARGETED_DEVICE_FAMILY = 1;
			};
			name = Debug;
		};
		1FA3B4002AEAB5A9006CB5BA /* Release */ = {
			isa = XCBuildConfiguration;
			buildSettings = {
				ASSETCATALOG_COMPILER_APPICON_NAME = AppIcon;
				ASSETCATALOG_COMPILER_GLOBAL_ACCENT_COLOR_NAME = AccentColor;
				CODE_SIGN_STYLE = Automatic;
				CURRENT_PROJECT_VERSION = 1;
				GENERATE_INFOPLIST_FILE = YES;
				INFOPLIST_FILE = TigersMemory/Resources/Info.plist;
				INFOPLIST_KEY_CFBundleDisplayName = "Tigers Memory";
				INFOPLIST_KEY_UIApplicationSupportsIndirectInputEvents = YES;
				INFOPLIST_KEY_UILaunchStoryboardName = LaunchScreen;
				INFOPLIST_KEY_UIMainStoryboardFile = Main;
				INFOPLIST_KEY_UISupportedInterfaceOrientations = UIInterfaceOrientationPortrait;
				INFOPLIST_KEY_UISupportedInterfaceOrientations_iPad = "UIInterfaceOrientationPortrait UIInterfaceOrientationPortraitUpsideDown UIInterfaceOrientationLandscapeLeft UIInterfaceOrientationLandscapeRight";
				INFOPLIST_KEY_UISupportedInterfaceOrientations_iPhone = "UIInterfaceOrientationPortrait UIInterfaceOrientationLandscapeLeft UIInterfaceOrientationLandscapeRight";
				LD_RUNPATH_SEARCH_PATHS = (
					"$(inherited)",
					"@executable_path/Frameworks",
				);
				MARKETING_VERSION = 1.0;
				PRODUCT_BUNDLE_IDENTIFIER = com.terra.TigersMemory;
				PRODUCT_NAME = "$(TARGET_NAME)";
				SWIFT_EMIT_LOC_STRINGS = YES;
				SWIFT_VERSION = 5.0;
				TARGETED_DEVICE_FAMILY = 1;
			};
			name = Release;
		};
/* End XCBuildConfiguration section */

/* Begin XCConfigurationList section */
		1FA3B3E52AEAB5A3006CB5BA /* Build configuration list for PBXProject "TigersMemory" */ = {
			isa = XCConfigurationList;
			buildConfigurations = (
				1FA3B3FC2AEAB5A9006CB5BA /* Debug */,
				1FA3B3FD2AEAB5A9006CB5BA /* Release */,
			);
			defaultConfigurationIsVisible = 0;
			defaultConfigurationName = Release;
		};
		1FA3B3FE2AEAB5A9006CB5BA /* Build configuration list for PBXNativeTarget "TigersMemory" */ = {
			isa = XCConfigurationList;
			buildConfigurations = (
				1FA3B3FF2AEAB5A9006CB5BA /* Debug */,
				1FA3B4002AEAB5A9006CB5BA /* Release */,
			);
			defaultConfigurationIsVisible = 0;
			defaultConfigurationName = Release;
		};
/* End XCConfigurationList section */

/* Begin XCRemoteSwiftPackageReference section */
		1FA3B40F2AEAC8E6006CB5BA /* XCRemoteSwiftPackageReference "SnapKit" */ = {
			isa = XCRemoteSwiftPackageReference;
			repositoryURL = "https://github.com/SnapKit/SnapKit.git";
			requirement = {
				branch = develop;
				kind = branch;
			};
		};
/* End XCRemoteSwiftPackageReference section */

/* Begin XCSwiftPackageProductDependency section */
		1FA3B4102AEAC8E6006CB5BA /* SnapKit */ = {
			isa = XCSwiftPackageProductDependency;
			package = 1FA3B40F2AEAC8E6006CB5BA /* XCRemoteSwiftPackageReference "SnapKit" */;
			productName = SnapKit;
		};
/* End XCSwiftPackageProductDependency section */
	};
	rootObject = 1FA3B3E22AEAB5A3006CB5BA /* Project object */;
}
